
Microsoft Visual Studio Solution File, Format Version 12.00
# Visual Studio Version 17
VisualStudioVersion = 17.0.32014.148
MinimumVisualStudioVersion = 10.0.40219.1
Project("{FAE04EC0-301F-11D3-BF4B-00C04F79EFBC}") = "VaultNETClient", "VaultNETClient.csproj", "{7B7968A7-75FB-421A-BC01-C3F053E9D27E}"
EndProject
Global
	GlobalSection(SolutionConfigurationPlatforms) = preSolution
		Debug|Any CPU = Debug|Any CPU
		Release|Any CPU = Release|Any CPU
	EndGlobalSection
	GlobalSection(ProjectConfigurationPlatforms) = postSolution
		{7B7968A7-75FB-421A-BC01-C3F053E9D27E}.Debug|Any CPU.ActiveCfg = Debug|Any CPU
		{7B7968A7-75FB-421A-BC01-C3F053E9D27E}.Debug|Any CPU.Build.0 = Debug|Any CPU
		{7B7968A7-75FB-421A-BC01-C3F053E9D27E}.Release|Any CPU.ActiveCfg = Release|Any CPU
		{7B7968A7-75FB-421A-BC01-C3F053E9D27E}.Release|Any CPU.Build.0 = Release|Any CPU
	EndGlobalSection
	GlobalSection(SolutionProperties) = preSolution
		HideSolutionNode = FALSE
	EndGlobalSection
	GlobalSection(ExtensibilityGlobals) = postSolution
		SolutionGuid = {5CBC04DA-BDA1-49F4-B9C2-70C5A49A34A4}
	EndGlobalSection
EndGlobal
