
Microsoft Visual Studio Solution File, Format Version 12.00
# Visual Studio Version 17
VisualStudioVersion = 17.0.32014.148
MinimumVisualStudioVersion = 10.0.40219.1
Project("{2150E333-8FDC-42A3-9474-1A3956D46DE8}") = "Sample", "Sample", "{93E3A6C6-153F-49D7-9968-E94CF46D03D5}"
EndProject
Project("{9A19103F-16F7-4668-BE54-9A1E7A4F7556}") = "VaultNETClient", "src\VaultNETClient.csproj", "{EE585493-05E0-41BA-816E-4DC049F6980A}"
EndProject
Project("{FAE04EC0-301F-11D3-BF4B-00C04F79EFBC}") = "VaultNET.APISample", "VaultNET.APISample\VaultNET.APISample.csproj", "{6011783D-2CDC-4C14-A22F-5DFA396FC2D3}"
EndProject
Global
	GlobalSection(SolutionConfigurationPlatforms) = preSolution
		Debug|Any CPU = Debug|Any CPU
		Release|Any CPU = Release|Any CPU
	EndGlobalSection
	GlobalSection(ProjectConfigurationPlatforms) = postSolution
		{EE585493-05E0-41BA-816E-4DC049F6980A}.Debug|Any CPU.ActiveCfg = Debug|Any CPU
		{EE585493-05E0-41BA-816E-4DC049F6980A}.Debug|Any CPU.Build.0 = Debug|Any CPU
		{EE585493-05E0-41BA-816E-4DC049F6980A}.Release|Any CPU.ActiveCfg = Release|Any CPU
		{EE585493-05E0-41BA-816E-4DC049F6980A}.Release|Any CPU.Build.0 = Release|Any CPU
		{6011783D-2CDC-4C14-A22F-5DFA396FC2D3}.Debug|Any CPU.ActiveCfg = Debug|Any CPU
		{6011783D-2CDC-4C14-A22F-5DFA396FC2D3}.Debug|Any CPU.Build.0 = Debug|Any CPU
		{6011783D-2CDC-4C14-A22F-5DFA396FC2D3}.Release|Any CPU.ActiveCfg = Release|Any CPU
		{6011783D-2CDC-4C14-A22F-5DFA396FC2D3}.Release|Any CPU.Build.0 = Release|Any CPU
	EndGlobalSection
	GlobalSection(SolutionProperties) = preSolution
		HideSolutionNode = FALSE
	EndGlobalSection
	GlobalSection(NestedProjects) = preSolution
		{6011783D-2CDC-4C14-A22F-5DFA396FC2D3} = {93E3A6C6-153F-49D7-9968-E94CF46D03D5}
	EndGlobalSection
	GlobalSection(ExtensibilityGlobals) = postSolution
		SolutionGuid = {5CBC04DA-BDA1-49F4-B9C2-70C5A49A34A4}
	EndGlobalSection
EndGlobal
