
Microsoft Visual Studio Solution File, Format Version 12.00
# Visual Studio Version 16
VisualStudioVersion = 16.0.31424.327
MinimumVisualStudioVersion = 10.0.40219.1
Project("{2150E333-8FDC-42A3-9474-1A3956D46DE8}") = "Sample", "Sample", "{93E3A6C6-153F-49D7-9968-E94CF46D03D5}"
EndProject
Project("{9A19103F-16F7-4668-BE54-9A1E7A4F7556}") = "VaultNETClient", "src\VaultNETClient.csproj", "{EE585493-05E0-41BA-816E-4DC049F6980A}"
EndProject
Project("{9A19103F-16F7-4668-BE54-9A1E7A4F7556}") = "VaultNET.APISample", "samples\VaultNET.APISample\VaultNET.APISample.csproj", "{F3E71C3C-0C54-449A-96D3-E89BE39F2C18}"
EndProject
Global
	GlobalSection(SolutionConfigurationPlatforms) = preSolution
		Debug|Any CPU = Debug|Any CPU
		Release|Any CPU = Release|Any CPU
	EndGlobalSection
	GlobalSection(ProjectConfigurationPlatforms) = postSolution
		{EE585493-05E0-41BA-816E-4DC049F6980A}.Debug|Any CPU.ActiveCfg = Debug|Any CPU
		{EE585493-05E0-41BA-816E-4DC049F6980A}.Debug|Any CPU.Build.0 = Debug|Any CPU
		{EE585493-05E0-41BA-816E-4DC049F6980A}.Release|Any CPU.ActiveCfg = Release|Any CPU
		{EE585493-05E0-41BA-816E-4DC049F6980A}.Release|Any CPU.Build.0 = Release|Any CPU
		{F3E71C3C-0C54-449A-96D3-E89BE39F2C18}.Debug|Any CPU.ActiveCfg = Debug|Any CPU
		{F3E71C3C-0C54-449A-96D3-E89BE39F2C18}.Debug|Any CPU.Build.0 = Debug|Any CPU
		{F3E71C3C-0C54-449A-96D3-E89BE39F2C18}.Release|Any CPU.ActiveCfg = Release|Any CPU
		{F3E71C3C-0C54-449A-96D3-E89BE39F2C18}.Release|Any CPU.Build.0 = Release|Any CPU
	EndGlobalSection
	GlobalSection(SolutionProperties) = preSolution
		HideSolutionNode = FALSE
	EndGlobalSection
	GlobalSection(NestedProjects) = preSolution
		{F3E71C3C-0C54-449A-96D3-E89BE39F2C18} = {93E3A6C6-153F-49D7-9968-E94CF46D03D5}
	EndGlobalSection
	GlobalSection(ExtensibilityGlobals) = postSolution
		SolutionGuid = {5CBC04DA-BDA1-49F4-B9C2-70C5A49A34A4}
	EndGlobalSection
EndGlobal
